// !$*UTF8*$!
{
	archiveVersion = 1;
	classes = {
	};
	objectVersion = 77;
	objects = {

/* Begin PBXBuildFile section */
		77D609642D4760E400D55B5A /* .gitignore in Resources */ = {isa = PBXBuildFile; fileRef = 77D609632D4760DD00D55B5A /* .gitignore */; };
/* End PBXBuildFile section */

/* Begin PBXContainerItemProxy section */
		7754610B2D3E4DD2001B6C65 /* PBXContainerItemProxy */ = {
			isa = PBXContainerItemProxy;
			containerPortal = 775460F22D3E4DD0001B6C65 /* Project object */;
			proxyType = 1;
			remoteGlobalIDString = 775460F92D3E4DD0001B6C65;
			remoteInfo = UserDataForms;
		};
		775461152D3E4DD2001B6C65 /* PBXContainerItemProxy */ = {
			isa = PBXContainerItemProxy;
			containerPortal = 775460F22D3E4DD0001B6C65 /* Project object */;
			proxyType = 1;
			remoteGlobalIDString = 775460F92D3E4DD0001B6C65;
			remoteInfo = UserDataForms;
		};
/* End PBXContainerItemProxy section */

/* Begin PBXFileReference section */
		775460FA2D3E4DD0001B6C65 /* UserDataForms.app */ = {isa = PBXFileReference; explicitFileType = wrapper.application; includeInIndex = 0; path = UserDataForms.app; sourceTree = BUILT_PRODUCTS_DIR; };
		7754610A2D3E4DD2001B6C65 /* UserDataFormsTests.xctest */ = {isa = PBXFileReference; explicitFileType = wrapper.cfbundle; includeInIndex = 0; path = UserDataFormsTests.xctest; sourceTree = BUILT_PRODUCTS_DIR; };
		775461142D3E4DD2001B6C65 /* UserDataFormsUITests.xctest */ = {isa = PBXFileReference; explicitFileType = wrapper.cfbundle; includeInIndex = 0; path = UserDataFormsUITests.xctest; sourceTree = BUILT_PRODUCTS_DIR; };
		77D609632D4760DD00D55B5A /* .gitignore */ = {isa = PBXFileReference; lastKnownFileType = text; path = .gitignore; sourceTree = "<group>"; };
/* End PBXFileReference section */

/* Begin PBXFileSystemSynchronizedRootGroup section */
		775460FC2D3E4DD0001B6C65 /* UserDataForms */ = {
			isa = PBXFileSystemSynchronizedRootGroup;
			path = UserDataForms;
			sourceTree = "<group>";
		};
		7754610D2D3E4DD2001B6C65 /* UserDataFormsTests */ = {
			isa = PBXFileSystemSynchronizedRootGroup;
			path = UserDataFormsTests;
			sourceTree = "<group>";
		};
		775461172D3E4DD2001B6C65 /* UserDataFormsUITests */ = {
			isa = PBXFileSystemSynchronizedRootGroup;
			path = UserDataFormsUITests;
			sourceTree = "<group>";
		};
/* End PBXFileSystemSynchronizedRootGroup section */

/* Begin PBXFrameworksBuildPhase section */
		775460F72D3E4DD0001B6C65 /* Frameworks */ = {
			isa = PBXFrameworksBuildPhase;
			buildActionMask = 2147483647;
			files = (
			);
			runOnlyForDeploymentPostprocessing = 0;
		};
		775461072D3E4DD2001B6C65 /* Frameworks */ = {
			isa = PBXFrameworksBuildPhase;
			buildActionMask = 2147483647;
			files = (
			);
			runOnlyForDeploymentPostprocessing = 0;
		};
		775461112D3E4DD2001B6C65 /* Frameworks */ = {
			isa = PBXFrameworksBuildPhase;
			buildActionMask = 2147483647;
			files = (
			);
			runOnlyForDeploymentPostprocessing = 0;
		};
/* End PBXFrameworksBuildPhase section */

/* Begin PBXGroup section */
		775460F12D3E4DD0001B6C65 = {
			isa = PBXGroup;
			children = (
				77D609632D4760DD00D55B5A /* .gitignore */,
				775460FC2D3E4DD0001B6C65 /* UserDataForms */,
				7754610D2D3E4DD2001B6C65 /* UserDataFormsTests */,
				775461172D3E4DD2001B6C65 /* UserDataFormsUITests */,
				775460FB2D3E4DD0001B6C65 /* Products */,
			);
			sourceTree = "<group>";
		};
		775460FB2D3E4DD0001B6C65 /* Products */ = {
			isa = PBXGroup;
			children = (
				775460FA2D3E4DD0001B6C65 /* UserDataForms.app */,
				7754610A2D3E4DD2001B6C65 /* UserDataFormsTests.xctest */,
				775461142D3E4DD2001B6C65 /* UserDataFormsUITests.xctest */,
			);
			name = Products;
			sourceTree = "<group>";
		};
/* End PBXGroup section */

/* Begin PBXNativeTarget section */
		775460F92D3E4DD0001B6C65 /* UserDataForms */ = {
			isa = PBXNativeTarget;
			buildConfigurationList = 7754611E2D3E4DD2001B6C65 /* Build configuration list for PBXNativeTarget "UserDataForms" */;
			buildPhases = (
				775460F62D3E4DD0001B6C65 /* Sources */,
				775460F72D3E4DD0001B6C65 /* Frameworks */,
				775460F82D3E4DD0001B6C65 /* Resources */,
			);
			buildRules = (
			);
			dependencies = (
			);
			fileSystemSynchronizedGroups = (
				775460FC2D3E4DD0001B6C65 /* UserDataForms */,
			);
			name = UserDataForms;
			packageProductDependencies = (
			);
			productName = UserDataForms;
			productReference = 775460FA2D3E4DD0001B6C65 /* UserDataForms.app */;
			productType = "com.apple.product-type.application";
		};
		775461092D3E4DD2001B6C65 /* UserDataFormsTests */ = {
			isa = PBXNativeTarget;
			buildConfigurationList = 775461212D3E4DD2001B6C65 /* Build configuration list for PBXNativeTarget "UserDataFormsTests" */;
			buildPhases = (
				775461062D3E4DD2001B6C65 /* Sources */,
				775461072D3E4DD2001B6C65 /* Frameworks */,
				775461082D3E4DD2001B6C65 /* Resources */,
			);
			buildRules = (
			);
			dependencies = (
				7754610C2D3E4DD2001B6C65 /* PBXTargetDependency */,
			);
			fileSystemSynchronizedGroups = (
				7754610D2D3E4DD2001B6C65 /* UserDataFormsTests */,
			);
			name = UserDataFormsTests;
			packageProductDependencies = (
			);
			productName = UserDataFormsTests;
			productReference = 7754610A2D3E4DD2001B6C65 /* UserDataFormsTests.xctest */;
			productType = "com.apple.product-type.bundle.unit-test";
		};
		775461132D3E4DD2001B6C65 /* UserDataFormsUITests */ = {
			isa = PBXNativeTarget;
			buildConfigurationList = 775461242D3E4DD2001B6C65 /* Build configuration list for PBXNativeTarget "UserDataFormsUITests" */;
			buildPhases = (
				775461102D3E4DD2001B6C65 /* Sources */,
				775461112D3E4DD2001B6C65 /* Frameworks */,
				775461122D3E4DD2001B6C65 /* Resources */,
			);
			buildRules = (
			);
			dependencies = (
				775461162D3E4DD2001B6C65 /* PBXTargetDependency */,
			);
			fileSystemSynchronizedGroups = (
				775461172D3E4DD2001B6C65 /* UserDataFormsUITests */,
			);
			name = UserDataFormsUITests;
			packageProductDependencies = (
			);
			productName = UserDataFormsUITests;
			productReference = 775461142D3E4DD2001B6C65 /* UserDataFormsUITests.xctest */;
			productType = "com.apple.product-type.bundle.ui-testing";
		};
/* End PBXNativeTarget section */

/* Begin PBXProject section */
		775460F22D3E4DD0001B6C65 /* Project object */ = {
			isa = PBXProject;
			attributes = {
				BuildIndependentTargetsInParallel = 1;
				LastSwiftUpdateCheck = 1620;
				LastUpgradeCheck = 1620;
				TargetAttributes = {
					775460F92D3E4DD0001B6C65 = {
						CreatedOnToolsVersion = 16.2;
					};
					775461092D3E4DD2001B6C65 = {
						CreatedOnToolsVersion = 16.2;
						TestTargetID = 775460F92D3E4DD0001B6C65;
					};
					775461132D3E4DD2001B6C65 = {
						CreatedOnToolsVersion = 16.2;
						TestTargetID = 775460F92D3E4DD0001B6C65;
					};
				};
			};
			buildConfigurationList = 775460F52D3E4DD0001B6C65 /* Build configuration list for PBXProject "UserDataForms" */;
			developmentRegion = en;
			hasScannedForEncodings = 0;
			knownRegions = (
				en,
				Base,
			);
			mainGroup = 775460F12D3E4DD0001B6C65;
			minimizedProjectReferenceProxies = 1;
			preferredProjectObjectVersion = 77;
			productRefGroup = 775460FB2D3E4DD0001B6C65 /* Products */;
			projectDirPath = "";
			projectRoot = "";
			targets = (
				775460F92D3E4DD0001B6C65 /* UserDataForms */,
				775461092D3E4DD2001B6C65 /* UserDataFormsTests */,
				775461132D3E4DD2001B6C65 /* UserDataFormsUITests */,
			);
		};
/* End PBXProject section */

/* Begin PBXResourcesBuildPhase section */
		775460F82D3E4DD0001B6C65 /* Resources */ = {
			isa = PBXResourcesBuildPhase;
			buildActionMask = 2147483647;
			files = (
				77D609642D4760E400D55B5A /* .gitignore in Resources */,
			);
			runOnlyForDeploymentPostprocessing = 0;
		};
		775461082D3E4DD2001B6C65 /* Resources */ = {
			isa = PBXResourcesBuildPhase;
			buildActionMask = 2147483647;
			files = (
			);
			runOnlyForDeploymentPostprocessing = 0;
		};
		775461122D3E4DD2001B6C65 /* Resources */ = {
			isa = PBXResourcesBuildPhase;
			buildActionMask = 2147483647;
			files = (
			);
			runOnlyForDeploymentPostprocessing = 0;
		};
/* End PBXResourcesBuildPhase section */

/* Begin PBXSourcesBuildPhase section */
		775460F62D3E4DD0001B6C65 /* Sources */ = {
			isa = PBXSourcesBuildPhase;
			buildActionMask = 2147483647;
			files = (
			);
			runOnlyForDeploymentPostprocessing = 0;
		};
		775461062D3E4DD2001B6C65 /* Sources */ = {
			isa = PBXSourcesBuildPhase;
			buildActionMask = 2147483647;
			files = (
			);
			runOnlyForDeploymentPostprocessing = 0;
		};
		775461102D3E4DD2001B6C65 /* Sources */ = {
			isa = PBXSourcesBuildPhase;
			buildActionMask = 2147483647;
			files = (
			);
			runOnlyForDeploymentPostprocessing = 0;
		};
/* End PBXSourcesBuildPhase section */

/* Begin PBXTargetDependency section */
		7754610C2D3E4DD2001B6C65 /* PBXTargetDependency */ = {
			isa = PBXTargetDependency;
			target = 775460F92D3E4DD0001B6C65 /* UserDataForms */;
			targetProxy = 7754610B2D3E4DD2001B6C65 /* PBXContainerItemProxy */;
		};
		775461162D3E4DD2001B6C65 /* PBXTargetDependency */ = {
			isa = PBXTargetDependency;
			target = 775460F92D3E4DD0001B6C65 /* UserDataForms */;
			targetProxy = 775461152D3E4DD2001B6C65 /* PBXContainerItemProxy */;
		};
/* End PBXTargetDependency section */

/* Begin XCBuildConfiguration section */
		7754611C2D3E4DD2001B6C65 /* Debug */ = {
			isa = XCBuildConfiguration;
			buildSettings = {
				ALWAYS_SEARCH_USER_PATHS = NO;
				ASSETCATALOG_COMPILER_GENERATE_SWIFT_ASSET_SYMBOL_EXTENSIONS = YES;
				CLANG_ANALYZER_NONNULL = YES;
				CLANG_ANALYZER_NUMBER_OBJECT_CONVERSION = YES_AGGRESSIVE;
				CLANG_CXX_LANGUAGE_STANDARD = "gnu++20";
				CLANG_ENABLE_MODULES = YES;
				CLANG_ENABLE_OBJC_ARC = YES;
				CLANG_ENABLE_OBJC_WEAK = YES;
				CLANG_WARN_BLOCK_CAPTURE_AUTORELEASING = YES;
				CLANG_WARN_BOOL_CONVERSION = YES;
				CLANG_WARN_COMMA = YES;
				CLANG_WARN_CONSTANT_CONVERSION = YES;
				CLANG_WARN_DEPRECATED_OBJC_IMPLEMENTATIONS = YES;
				CLANG_WARN_DIRECT_OBJC_ISA_USAGE = YES_ERROR;
				CLANG_WARN_DOCUMENTATION_COMMENTS = YES;
				CLANG_WARN_EMPTY_BODY = YES;
				CLANG_WARN_ENUM_CONVERSION = YES;
				CLANG_WARN_INFINITE_RECURSION = YES;
				CLANG_WARN_INT_CONVERSION = YES;
				CLANG_WARN_NON_LITERAL_NULL_CONVERSION = YES;
				CLANG_WARN_OBJC_IMPLICIT_RETAIN_SELF = YES;
				CLANG_WARN_OBJC_LITERAL_CONVERSION = YES;
				CLANG_WARN_OBJC_ROOT_CLASS = YES_ERROR;
				CLANG_WARN_QUOTED_INCLUDE_IN_FRAMEWORK_HEADER = YES;
				CLANG_WARN_RANGE_LOOP_ANALYSIS = YES;
				CLANG_WARN_STRICT_PROTOTYPES = YES;
				CLANG_WARN_SUSPICIOUS_MOVE = YES;
				CLANG_WARN_UNGUARDED_AVAILABILITY = YES_AGGRESSIVE;
				CLANG_WARN_UNREACHABLE_CODE = YES;
				CLANG_WARN__DUPLICATE_METHOD_MATCH = YES;
				COPY_PHASE_STRIP = NO;
				DEBUG_INFORMATION_FORMAT = dwarf;
				ENABLE_STRICT_OBJC_MSGSEND = YES;
				ENABLE_TESTABILITY = YES;
				ENABLE_USER_SCRIPT_SANDBOXING = YES;
				GCC_C_LANGUAGE_STANDARD = gnu17;
				GCC_DYNAMIC_NO_PIC = NO;
				GCC_NO_COMMON_BLOCKS = YES;
				GCC_OPTIMIZATION_LEVEL = 0;
				GCC_PREPROCESSOR_DEFINITIONS = (
					"DEBUG=1",
					"$(inherited)",
				);
				GCC_WARN_64_TO_32_BIT_CONVERSION = YES;
				GCC_WARN_ABOUT_RETURN_TYPE = YES_ERROR;
				GCC_WARN_UNDECLARED_SELECTOR = YES;
				GCC_WARN_UNINITIALIZED_AUTOS = YES_AGGRESSIVE;
				GCC_WARN_UNUSED_FUNCTION = YES;
				GCC_WARN_UNUSED_VARIABLE = YES;
				IPHONEOS_DEPLOYMENT_TARGET = 18.2;
				LOCALIZATION_PREFERS_STRING_CATALOGS = YES;
				MTL_ENABLE_DEBUG_INFO = INCLUDE_SOURCE;
				MTL_FAST_MATH = YES;
				ONLY_ACTIVE_ARCH = YES;
				SDKROOT = iphoneos;
				SWIFT_ACTIVE_COMPILATION_CONDITIONS = "DEBUG $(inherited)";
				SWIFT_OPTIMIZATION_LEVEL = "-Onone";
			};
			name = Debug;
		};
		7754611D2D3E4DD2001B6C65 /* Release */ = {
			isa = XCBuildConfiguration;
			buildSettings = {
				ALWAYS_SEARCH_USER_PATHS = NO;
				ASSETCATALOG_COMPILER_GENERATE_SWIFT_ASSET_SYMBOL_EXTENSIONS = YES;
				CLANG_ANALYZER_NONNULL = YES;
				CLANG_ANALYZER_NUMBER_OBJECT_CONVERSION = YES_AGGRESSIVE;
				CLANG_CXX_LANGUAGE_STANDARD = "gnu++20";
				CLANG_ENABLE_MODULES = YES;
				CLANG_ENABLE_OBJC_ARC = YES;
				CLANG_ENABLE_OBJC_WEAK = YES;
				CLANG_WARN_BLOCK_CAPTURE_AUTORELEASING = YES;
				CLANG_WARN_BOOL_CONVERSION = YES;
				CLANG_WARN_COMMA = YES;
				CLANG_WARN_CONSTANT_CONVERSION = YES;
				CLANG_WARN_DEPRECATED_OBJC_IMPLEMENTATIONS = YES;
				CLANG_WARN_DIRECT_OBJC_ISA_USAGE = YES_ERROR;
				CLANG_WARN_DOCUMENTATION_COMMENTS = YES;
				CLANG_WARN_EMPTY_BODY = YES;
				CLANG_WARN_ENUM_CONVERSION = YES;
				CLANG_WARN_INFINITE_RECURSION = YES;
				CLANG_WARN_INT_CONVERSION = YES;
				CLANG_WARN_NON_LITERAL_NULL_CONVERSION = YES;
				CLANG_WARN_OBJC_IMPLICIT_RETAIN_SELF = YES;
				CLANG_WARN_OBJC_LITERAL_CONVERSION = YES;
				CLANG_WARN_OBJC_ROOT_CLASS = YES_ERROR;
				CLANG_WARN_QUOTED_INCLUDE_IN_FRAMEWORK_HEADER = YES;
				CLANG_WARN_RANGE_LOOP_ANALYSIS = YES;
				CLANG_WARN_STRICT_PROTOTYPES = YES;
				CLANG_WARN_SUSPICIOUS_MOVE = YES;
				CLANG_WARN_UNGUARDED_AVAILABILITY = YES_AGGRESSIVE;
				CLANG_WARN_UNREACHABLE_CODE = YES;
				CLANG_WARN__DUPLICATE_METHOD_MATCH = YES;
				COPY_PHASE_STRIP = NO;
				DEBUG_INFORMATION_FORMAT = "dwarf-with-dsym";
				ENABLE_NS_ASSERTIONS = NO;
				ENABLE_STRICT_OBJC_MSGSEND = YES;
				ENABLE_USER_SCRIPT_SANDBOXING = YES;
				GCC_C_LANGUAGE_STANDARD = gnu17;
				GCC_NO_COMMON_BLOCKS = YES;
				GCC_WARN_64_TO_32_BIT_CONVERSION = YES;
				GCC_WARN_ABOUT_RETURN_TYPE = YES_ERROR;
				GCC_WARN_UNDECLARED_SELECTOR = YES;
				GCC_WARN_UNINITIALIZED_AUTOS = YES_AGGRESSIVE;
				GCC_WARN_UNUSED_FUNCTION = YES;
				GCC_WARN_UNUSED_VARIABLE = YES;
				IPHONEOS_DEPLOYMENT_TARGET = 18.2;
				LOCALIZATION_PREFERS_STRING_CATALOGS = YES;
				MTL_ENABLE_DEBUG_INFO = NO;
				MTL_FAST_MATH = YES;
				SDKROOT = iphoneos;
				SWIFT_COMPILATION_MODE = wholemodule;
				VALIDATE_PRODUCT = YES;
			};
			name = Release;
		};
		7754611F2D3E4DD2001B6C65 /* Debug */ = {
			isa = XCBuildConfiguration;
			buildSettings = {
				ASSETCATALOG_COMPILER_APPICON_NAME = AppIcon;
				ASSETCATALOG_COMPILER_GLOBAL_ACCENT_COLOR_NAME = AccentColor;
				CODE_SIGN_STYLE = Automatic;
				CURRENT_PROJECT_VERSION = 1;
				DEVELOPMENT_ASSET_PATHS = "\"UserDataForms/Preview Content\"";
				DEVELOPMENT_TEAM = 25Z9W56K7Q;
				ENABLE_PREVIEWS = YES;
				GENERATE_INFOPLIST_FILE = YES;
				INFOPLIST_KEY_CFBundleDisplayName = UserApp;
				INFOPLIST_KEY_UIApplicationSceneManifest_Generation = YES;
				INFOPLIST_KEY_UIApplicationSupportsIndirectInputEvents = YES;
				INFOPLIST_KEY_UILaunchScreen_Generation = YES;
				INFOPLIST_KEY_UISupportedInterfaceOrientations_iPad = "UIInterfaceOrientationPortrait UIInterfaceOrientationPortraitUpsideDown UIInterfaceOrientationLandscapeLeft UIInterfaceOrientationLandscapeRight";
				INFOPLIST_KEY_UISupportedInterfaceOrientations_iPhone = "UIInterfaceOrientationPortrait UIInterfaceOrientationLandscapeLeft UIInterfaceOrientationLandscapeRight";
				LD_RUNPATH_SEARCH_PATHS = (
					"$(inherited)",
					"@executable_path/Frameworks",
				);
				MARKETING_VERSION = 1.0;
				PRODUCT_BUNDLE_IDENTIFIER = sample.UserDataForms;
				PRODUCT_NAME = "$(TARGET_NAME)";
				SWIFT_EMIT_LOC_STRINGS = YES;
				SWIFT_VERSION = 5.0;
				TARGETED_DEVICE_FAMILY = "1,2";
			};
			name = Debug;
		};
		775461202D3E4DD2001B6C65 /* Release */ = {
			isa = XCBuildConfiguration;
			buildSettings = {
				ASSETCATALOG_COMPILER_APPICON_NAME = AppIcon;
				ASSETCATALOG_COMPILER_GLOBAL_ACCENT_COLOR_NAME = AccentColor;
				CODE_SIGN_STYLE = Automatic;
				CURRENT_PROJECT_VERSION = 1;
				DEVELOPMENT_ASSET_PATHS = "\"UserDataForms/Preview Content\"";
				DEVELOPMENT_TEAM = 25Z9W56K7Q;
				ENABLE_PREVIEWS = YES;
				GENERATE_INFOPLIST_FILE = YES;
				INFOPLIST_KEY_CFBundleDisplayName = UserApp;
				INFOPLIST_KEY_UIApplicationSceneManifest_Generation = YES;
				INFOPLIST_KEY_UIApplicationSupportsIndirectInputEvents = YES;
				INFOPLIST_KEY_UILaunchScreen_Generation = YES;
				INFOPLIST_KEY_UISupportedInterfaceOrientations_iPad = "UIInterfaceOrientationPortrait UIInterfaceOrientationPortraitUpsideDown UIInterfaceOrientationLandscapeLeft UIInterfaceOrientationLandscapeRight";
				INFOPLIST_KEY_UISupportedInterfaceOrientations_iPhone = "UIInterfaceOrientationPortrait UIInterfaceOrientationLandscapeLeft UIInterfaceOrientationLandscapeRight";
				LD_RUNPATH_SEARCH_PATHS = (
					"$(inherited)",
					"@executable_path/Frameworks",
				);
				MARKETING_VERSION = 1.0;
				PRODUCT_BUNDLE_IDENTIFIER = sample.UserDataForms;
				PRODUCT_NAME = "$(TARGET_NAME)";
				SWIFT_EMIT_LOC_STRINGS = YES;
				SWIFT_VERSION = 5.0;
				TARGETED_DEVICE_FAMILY = "1,2";
			};
			name = Release;
		};
		775461222D3E4DD2001B6C65 /* Debug */ = {
			isa = XCBuildConfiguration;
			buildSettings = {
				BUNDLE_LOADER = "$(TEST_HOST)";
				CODE_SIGN_STYLE = Automatic;
				CURRENT_PROJECT_VERSION = 1;
				DEVELOPMENT_TEAM = 25Z9W56K7Q;
				GENERATE_INFOPLIST_FILE = YES;
				IPHONEOS_DEPLOYMENT_TARGET = 18.2;
				MARKETING_VERSION = 1.0;
				PRODUCT_BUNDLE_IDENTIFIER = sample.UserDataFormsTests;
				PRODUCT_NAME = "$(TARGET_NAME)";
				SWIFT_EMIT_LOC_STRINGS = NO;
				SWIFT_VERSION = 5.0;
				TARGETED_DEVICE_FAMILY = "1,2";
				TEST_HOST = "$(BUILT_PRODUCTS_DIR)/UserDataForms.app/$(BUNDLE_EXECUTABLE_FOLDER_PATH)/UserDataForms";
			};
			name = Debug;
		};
		775461232D3E4DD2001B6C65 /* Release */ = {
			isa = XCBuildConfiguration;
			buildSettings = {
				BUNDLE_LOADER = "$(TEST_HOST)";
				CODE_SIGN_STYLE = Automatic;
				CURRENT_PROJECT_VERSION = 1;
				DEVELOPMENT_TEAM = 25Z9W56K7Q;
				GENERATE_INFOPLIST_FILE = YES;
				IPHONEOS_DEPLOYMENT_TARGET = 18.2;
				MARKETING_VERSION = 1.0;
				PRODUCT_BUNDLE_IDENTIFIER = sample.UserDataFormsTests;
				PRODUCT_NAME = "$(TARGET_NAME)";
				SWIFT_EMIT_LOC_STRINGS = NO;
				SWIFT_VERSION = 5.0;
				TARGETED_DEVICE_FAMILY = "1,2";
				TEST_HOST = "$(BUILT_PRODUCTS_DIR)/UserDataForms.app/$(BUNDLE_EXECUTABLE_FOLDER_PATH)/UserDataForms";
			};
			name = Release;
		};
		775461252D3E4DD2001B6C65 /* Debug */ = {
			isa = XCBuildConfiguration;
			buildSettings = {
				CODE_SIGN_STYLE = Automatic;
				CURRENT_PROJECT_VERSION = 1;
				DEVELOPMENT_TEAM = 25Z9W56K7Q;
				GENERATE_INFOPLIST_FILE = YES;
				MARKETING_VERSION = 1.0;
				PRODUCT_BUNDLE_IDENTIFIER = sample.UserDataFormsUITests;
				PRODUCT_NAME = "$(TARGET_NAME)";
				SWIFT_EMIT_LOC_STRINGS = NO;
				SWIFT_VERSION = 5.0;
				TARGETED_DEVICE_FAMILY = "1,2";
				TEST_TARGET_NAME = UserDataForms;
			};
			name = Debug;
		};
		775461262D3E4DD2001B6C65 /* Release */ = {
			isa = XCBuildConfiguration;
			buildSettings = {
				CODE_SIGN_STYLE = Automatic;
				CURRENT_PROJECT_VERSION = 1;
				DEVELOPMENT_TEAM = 25Z9W56K7Q;
				GENERATE_INFOPLIST_FILE = YES;
				MARKETING_VERSION = 1.0;
				PRODUCT_BUNDLE_IDENTIFIER = sample.UserDataFormsUITests;
				PRODUCT_NAME = "$(TARGET_NAME)";
				SWIFT_EMIT_LOC_STRINGS = NO;
				SWIFT_VERSION = 5.0;
				TARGETED_DEVICE_FAMILY = "1,2";
				TEST_TARGET_NAME = UserDataForms;
			};
			name = Release;
		};
/* End XCBuildConfiguration section */

/* Begin XCConfigurationList section */
		775460F52D3E4DD0001B6C65 /* Build configuration list for PBXProject "UserDataForms" */ = {
			isa = XCConfigurationList;
			buildConfigurations = (
				7754611C2D3E4DD2001B6C65 /* Debug */,
				7754611D2D3E4DD2001B6C65 /* Release */,
			);
			defaultConfigurationIsVisible = 0;
			defaultConfigurationName = Release;
		};
		7754611E2D3E4DD2001B6C65 /* Build configuration list for PBXNativeTarget "UserDataForms" */ = {
			isa = XCConfigurationList;
			buildConfigurations = (
				7754611F2D3E4DD2001B6C65 /* Debug */,
				775461202D3E4DD2001B6C65 /* Release */,
			);
			defaultConfigurationIsVisible = 0;
			defaultConfigurationName = Release;
		};
		775461212D3E4DD2001B6C65 /* Build configuration list for PBXNativeTarget "UserDataFormsTests" */ = {
			isa = XCConfigurationList;
			buildConfigurations = (
				775461222D3E4DD2001B6C65 /* Debug */,
				775461232D3E4DD2001B6C65 /* Release */,
			);
			defaultConfigurationIsVisible = 0;
			defaultConfigurationName = Release;
		};
		775461242D3E4DD2001B6C65 /* Build configuration list for PBXNativeTarget "UserDataFormsUITests" */ = {
			isa = XCConfigurationList;
			buildConfigurations = (
				775461252D3E4DD2001B6C65 /* Debug */,
				775461262D3E4DD2001B6C65 /* Release */,
			);
			defaultConfigurationIsVisible = 0;
			defaultConfigurationName = Release;
		};
/* End XCConfigurationList section */
	};
	rootObject = 775460F22D3E4DD0001B6C65 /* Project object */;
}
